
Microsoft Visual Studio Solution File, Format Version 12.00
# Visual Studio Version 17
VisualStudioVersion = 17.14.36811.4
MinimumVisualStudioVersion = 10.0.40219.1
Project("{FAE04EC0-301F-11D3-BF4B-00C04F79EFBC}") = "Domain", "src\Domain\Domain.csproj", "{C9F63571-36E1-4819-A7F7-557F77EC931D}"
EndProject
Project("{FAE04EC0-301F-11D3-BF4B-00C04F79EFBC}") = "Application", "src\Application\Application.csproj", "{294371E7-FCBA-4452-B234-C472E1FDBA9F}"
EndProject
Project("{FAE04EC0-301F-11D3-BF4B-00C04F79EFBC}") = "Infrastructure", "src\Infrastructure\Infrastructure.csproj", "{3B8FAA14-05EA-4C4B-A3BA-63398AEF8153}"
EndProject
Project("{FAE04EC0-301F-11D3-BF4B-00C04F79EFBC}") = "API", "src\API\API.csproj", "{D6CF8FC8-8309-49A6-96A9-BA524021E4C5}"
EndProject
Global
	GlobalSection(SolutionConfigurationPlatforms) = preSolution
		Debug|Any CPU = Debug|Any CPU
		Release|Any CPU = Release|Any CPU
	EndGlobalSection
	GlobalSection(ProjectConfigurationPlatforms) = postSolution
		{C9F63571-36E1-4819-A7F7-557F77EC931D}.Debug|Any CPU.ActiveCfg = Debug|Any CPU
		{C9F63571-36E1-4819-A7F7-557F77EC931D}.Debug|Any CPU.Build.0 = Debug|Any CPU
		{C9F63571-36E1-4819-A7F7-557F77EC931D}.Release|Any CPU.ActiveCfg = Release|Any CPU
		{C9F63571-36E1-4819-A7F7-557F77EC931D}.Release|Any CPU.Build.0 = Release|Any CPU
		{294371E7-FCBA-4452-B234-C472E1FDBA9F}.Debug|Any CPU.ActiveCfg = Debug|Any CPU
		{294371E7-FCBA-4452-B234-C472E1FDBA9F}.Debug|Any CPU.Build.0 = Debug|Any CPU
		{294371E7-FCBA-4452-B234-C472E1FDBA9F}.Release|Any CPU.ActiveCfg = Release|Any CPU
		{294371E7-FCBA-4452-B234-C472E1FDBA9F}.Release|Any CPU.Build.0 = Release|Any CPU
		{3B8FAA14-05EA-4C4B-A3BA-63398AEF8153}.Debug|Any CPU.ActiveCfg = Debug|Any CPU
		{3B8FAA14-05EA-4C4B-A3BA-63398AEF8153}.Debug|Any CPU.Build.0 = Debug|Any CPU
		{3B8FAA14-05EA-4C4B-A3BA-63398AEF8153}.Release|Any CPU.ActiveCfg = Release|Any CPU
		{3B8FAA14-05EA-4C4B-A3BA-63398AEF8153}.Release|Any CPU.Build.0 = Release|Any CPU
		{D6CF8FC8-8309-49A6-96A9-BA524021E4C5}.Debug|Any CPU.ActiveCfg = Debug|Any CPU
		{D6CF8FC8-8309-49A6-96A9-BA524021E4C5}.Debug|Any CPU.Build.0 = Debug|Any CPU
		{D6CF8FC8-8309-49A6-96A9-BA524021E4C5}.Release|Any CPU.ActiveCfg = Release|Any CPU
		{D6CF8FC8-8309-49A6-96A9-BA524021E4C5}.Release|Any CPU.Build.0 = Release|Any CPU
	EndGlobalSection
	GlobalSection(SolutionProperties) = preSolution
		HideSolutionNode = FALSE
	EndGlobalSection
	GlobalSection(ExtensibilityGlobals) = postSolution
		SolutionGuid = {1E5CC83E-7A47-4F18-91B2-39570131523F}
	EndGlobalSection
EndGlobal
